// !$*UTF8*$!
{
	archiveVersion = 1;
	classes = {
	};
	objectVersion = 55;
	objects = {

/* Begin PBXBuildFile section */
		B53D8F5927EB508200A7E653 /* ApexPredator.swift in Sources */ = {isa = PBXBuildFile; fileRef = B53D8F5827EB508200A7E653 /* ApexPredator.swift */; };
		B57E68DE27EA95CA00A3EC2B /* JP_Apex_PredatorsApp.swift in Sources */ = {isa = PBXBuildFile; fileRef = B57E68DD27EA95CA00A3EC2B /* JP_Apex_PredatorsApp.swift */; };
		B57E68E027EA95CA00A3EC2B /* ContentView.swift in Sources */ = {isa = PBXBuildFile; fileRef = B57E68DF27EA95CA00A3EC2B /* ContentView.swift */; };
		B57E68E227EA95CD00A3EC2B /* Assets.xcassets in Resources */ = {isa = PBXBuildFile; fileRef = B57E68E127EA95CD00A3EC2B /* Assets.xcassets */; };
		B57E68E527EA95CD00A3EC2B /* Preview Assets.xcassets in Resources */ = {isa = PBXBuildFile; fileRef = B57E68E427EA95CD00A3EC2B /* Preview Assets.xcassets */; };
		B57E68EF27EA95CD00A3EC2B /* JP_Apex_PredatorsTests.swift in Sources */ = {isa = PBXBuildFile; fileRef = B57E68EE27EA95CD00A3EC2B /* JP_Apex_PredatorsTests.swift */; };
		B57E68F927EA95CD00A3EC2B /* JP_Apex_PredatorsUITests.swift in Sources */ = {isa = PBXBuildFile; fileRef = B57E68F827EA95CD00A3EC2B /* JP_Apex_PredatorsUITests.swift */; };
		B57E68FB27EA95CD00A3EC2B /* JP_Apex_PredatorsUITestsLaunchTests.swift in Sources */ = {isa = PBXBuildFile; fileRef = B57E68FA27EA95CD00A3EC2B /* JP_Apex_PredatorsUITestsLaunchTests.swift */; };
		B57E690827EA96D300A3EC2B /* jpapexpredators.json in Resources */ = {isa = PBXBuildFile; fileRef = B57E690727EA96D300A3EC2B /* jpapexpredators.json */; };
		B5CF1CC527ECA0CA003B7B29 /* PredatorController.swift in Sources */ = {isa = PBXBuildFile; fileRef = B5CF1CC427ECA0CA003B7B29 /* PredatorController.swift */; };
		B5D0B39F27EF4B33005FCF13 /* PredatorRow.swift in Sources */ = {isa = PBXBuildFile; fileRef = B5D0B39E27EF4B33005FCF13 /* PredatorRow.swift */; };
		B5D8D2B427F09487009010CB /* PredatorDetail.swift in Sources */ = {isa = PBXBuildFile; fileRef = B5D8D2B327F09487009010CB /* PredatorDetail.swift */; };
/* End PBXBuildFile section */

/* Begin PBXContainerItemProxy section */
		B57E68EB27EA95CD00A3EC2B /* PBXContainerItemProxy */ = {
			isa = PBXContainerItemProxy;
			containerPortal = B57E68D227EA95CA00A3EC2B /* Project object */;
			proxyType = 1;
			remoteGlobalIDString = B57E68D927EA95CA00A3EC2B;
			remoteInfo = "JP Apex Predators";
		};
		B57E68F527EA95CD00A3EC2B /* PBXContainerItemProxy */ = {
			isa = PBXContainerItemProxy;
			containerPortal = B57E68D227EA95CA00A3EC2B /* Project object */;
			proxyType = 1;
			remoteGlobalIDString = B57E68D927EA95CA00A3EC2B;
			remoteInfo = "JP Apex Predators";
		};
/* End PBXContainerItemProxy section */

/* Begin PBXFileReference section */
		B53D8F5827EB508200A7E653 /* ApexPredator.swift */ = {isa = PBXFileReference; lastKnownFileType = sourcecode.swift; path = ApexPredator.swift; sourceTree = "<group>"; };
		B54761C227F87E4600059FB5 /* JP-Apex-Predators-Info.plist */ = {isa = PBXFileReference; lastKnownFileType = text.plist; path = "JP-Apex-Predators-Info.plist"; sourceTree = SOURCE_ROOT; };
		B557076627EA982C006C2347 /* JP Apex Predators.entitlements */ = {isa = PBXFileReference; lastKnownFileType = text.plist.entitlements; path = "JP Apex Predators.entitlements"; sourceTree = "<group>"; };
		B57E68DA27EA95CA00A3EC2B /* JP Apex Predators.app */ = {isa = PBXFileReference; explicitFileType = wrapper.application; includeInIndex = 0; path = "JP Apex Predators.app"; sourceTree = BUILT_PRODUCTS_DIR; };
		B57E68DD27EA95CA00A3EC2B /* JP_Apex_PredatorsApp.swift */ = {isa = PBXFileReference; lastKnownFileType = sourcecode.swift; path = JP_Apex_PredatorsApp.swift; sourceTree = "<group>"; };
		B57E68DF27EA95CA00A3EC2B /* ContentView.swift */ = {isa = PBXFileReference; lastKnownFileType = sourcecode.swift; path = ContentView.swift; sourceTree = "<group>"; };
		B57E68E127EA95CD00A3EC2B /* Assets.xcassets */ = {isa = PBXFileReference; lastKnownFileType = folder.assetcatalog; path = Assets.xcassets; sourceTree = "<group>"; };
		B57E68E427EA95CD00A3EC2B /* Preview Assets.xcassets */ = {isa = PBXFileReference; lastKnownFileType = folder.assetcatalog; path = "Preview Assets.xcassets"; sourceTree = "<group>"; };
		B57E68EA27EA95CD00A3EC2B /* JP Apex PredatorsTests.xctest */ = {isa = PBXFileReference; explicitFileType = wrapper.cfbundle; includeInIndex = 0; path = "JP Apex PredatorsTests.xctest"; sourceTree = BUILT_PRODUCTS_DIR; };
		B57E68EE27EA95CD00A3EC2B /* JP_Apex_PredatorsTests.swift */ = {isa = PBXFileReference; lastKnownFileType = sourcecode.swift; path = JP_Apex_PredatorsTests.swift; sourceTree = "<group>"; };
		B57E68F427EA95CD00A3EC2B /* JP Apex PredatorsUITests.xctest */ = {isa = PBXFileReference; explicitFileType = wrapper.cfbundle; includeInIndex = 0; path = "JP Apex PredatorsUITests.xctest"; sourceTree = BUILT_PRODUCTS_DIR; };
		B57E68F827EA95CD00A3EC2B /* JP_Apex_PredatorsUITests.swift */ = {isa = PBXFileReference; lastKnownFileType = sourcecode.swift; path = JP_Apex_PredatorsUITests.swift; sourceTree = "<group>"; };
		B57E68FA27EA95CD00A3EC2B /* JP_Apex_PredatorsUITestsLaunchTests.swift */ = {isa = PBXFileReference; lastKnownFileType = sourcecode.swift; path = JP_Apex_PredatorsUITestsLaunchTests.swift; sourceTree = "<group>"; };
		B57E690727EA96D300A3EC2B /* jpapexpredators.json */ = {isa = PBXFileReference; fileEncoding = 4; lastKnownFileType = text.json; path = jpapexpredators.json; sourceTree = "<group>"; };
		B5CF1CC427ECA0CA003B7B29 /* PredatorController.swift */ = {isa = PBXFileReference; lastKnownFileType = sourcecode.swift; path = PredatorController.swift; sourceTree = "<group>"; };
		B5D0B39E27EF4B33005FCF13 /* PredatorRow.swift */ = {isa = PBXFileReference; lastKnownFileType = sourcecode.swift; path = PredatorRow.swift; sourceTree = "<group>"; };
		B5D8D2B327F09487009010CB /* PredatorDetail.swift */ = {isa = PBXFileReference; lastKnownFileType = sourcecode.swift; path = PredatorDetail.swift; sourceTree = "<group>"; };
/* End PBXFileReference section */

/* Begin PBXFrameworksBuildPhase section */
		B57E68D727EA95CA00A3EC2B /* Frameworks */ = {
			isa = PBXFrameworksBuildPhase;
			buildActionMask = 2147483647;
			files = (
			);
			runOnlyForDeploymentPostprocessing = 0;
		};
		B57E68E727EA95CD00A3EC2B /* Frameworks */ = {
			isa = PBXFrameworksBuildPhase;
			buildActionMask = 2147483647;
			files = (
			);
			runOnlyForDeploymentPostprocessing = 0;
		};
		B57E68F127EA95CD00A3EC2B /* Frameworks */ = {
			isa = PBXFrameworksBuildPhase;
			buildActionMask = 2147483647;
			files = (
			);
			runOnlyForDeploymentPostprocessing = 0;
		};
/* End PBXFrameworksBuildPhase section */

/* Begin PBXGroup section */
		B57E68D127EA95CA00A3EC2B = {
			isa = PBXGroup;
			children = (
				B57E68DC27EA95CA00A3EC2B /* JP Apex Predators */,
				B57E68ED27EA95CD00A3EC2B /* JP Apex PredatorsTests */,
				B57E68F727EA95CD00A3EC2B /* JP Apex PredatorsUITests */,
				B57E68DB27EA95CA00A3EC2B /* Products */,
			);
			sourceTree = "<group>";
		};
		B57E68DB27EA95CA00A3EC2B /* Products */ = {
			isa = PBXGroup;
			children = (
				B57E68DA27EA95CA00A3EC2B /* JP Apex Predators.app */,
				B57E68EA27EA95CD00A3EC2B /* JP Apex PredatorsTests.xctest */,
				B57E68F427EA95CD00A3EC2B /* JP Apex PredatorsUITests.xctest */,
			);
			name = Products;
			sourceTree = "<group>";
		};
		B57E68DC27EA95CA00A3EC2B /* JP Apex Predators */ = {
			isa = PBXGroup;
			children = (
				B54761C227F87E4600059FB5 /* JP-Apex-Predators-Info.plist */,
				B557076627EA982C006C2347 /* JP Apex Predators.entitlements */,
				B57E68DD27EA95CA00A3EC2B /* JP_Apex_PredatorsApp.swift */,
				B53D8F5827EB508200A7E653 /* ApexPredator.swift */,
				B5CF1CC427ECA0CA003B7B29 /* PredatorController.swift */,
				B5D0B39E27EF4B33005FCF13 /* PredatorRow.swift */,
				B5D8D2B327F09487009010CB /* PredatorDetail.swift */,
				B57E68DF27EA95CA00A3EC2B /* ContentView.swift */,
				B57E690727EA96D300A3EC2B /* jpapexpredators.json */,
				B57E68E127EA95CD00A3EC2B /* Assets.xcassets */,
				B57E68E327EA95CD00A3EC2B /* Preview Content */,
			);
			path = "JP Apex Predators";
			sourceTree = "<group>";
		};
		B57E68E327EA95CD00A3EC2B /* Preview Content */ = {
			isa = PBXGroup;
			children = (
				B57E68E427EA95CD00A3EC2B /* Preview Assets.xcassets */,
			);
			path = "Preview Content";
			sourceTree = "<group>";
		};
		B57E68ED27EA95CD00A3EC2B /* JP Apex PredatorsTests */ = {
			isa = PBXGroup;
			children = (
				B57E68EE27EA95CD00A3EC2B /* JP_Apex_PredatorsTests.swift */,
			);
			path = "JP Apex PredatorsTests";
			sourceTree = "<group>";
		};
		B57E68F727EA95CD00A3EC2B /* JP Apex PredatorsUITests */ = {
			isa = PBXGroup;
			children = (
				B57E68F827EA95CD00A3EC2B /* JP_Apex_PredatorsUITests.swift */,
				B57E68FA27EA95CD00A3EC2B /* JP_Apex_PredatorsUITestsLaunchTests.swift */,
			);
			path = "JP Apex PredatorsUITests";
			sourceTree = "<group>";
		};
/* End PBXGroup section */

/* Begin PBXNativeTarget section */
		B57E68D927EA95CA00A3EC2B /* JP Apex Predators */ = {
			isa = PBXNativeTarget;
			buildConfigurationList = B57E68FE27EA95CD00A3EC2B /* Build configuration list for PBXNativeTarget "JP Apex Predators" */;
			buildPhases = (
				B57E68D627EA95CA00A3EC2B /* Sources */,
				B57E68D727EA95CA00A3EC2B /* Frameworks */,
				B57E68D827EA95CA00A3EC2B /* Resources */,
			);
			buildRules = (
			);
			dependencies = (
			);
			name = "JP Apex Predators";
			productName = "JP Apex Predators";
			productReference = B57E68DA27EA95CA00A3EC2B /* JP Apex Predators.app */;
			productType = "com.apple.product-type.application";
		};
		B57E68E927EA95CD00A3EC2B /* JP Apex PredatorsTests */ = {
			isa = PBXNativeTarget;
			buildConfigurationList = B57E690127EA95CD00A3EC2B /* Build configuration list for PBXNativeTarget "JP Apex PredatorsTests" */;
			buildPhases = (
				B57E68E627EA95CD00A3EC2B /* Sources */,
				B57E68E727EA95CD00A3EC2B /* Frameworks */,
				B57E68E827EA95CD00A3EC2B /* Resources */,
			);
			buildRules = (
			);
			dependencies = (
				B57E68EC27EA95CD00A3EC2B /* PBXTargetDependency */,
			);
			name = "JP Apex PredatorsTests";
			productName = "JP Apex PredatorsTests";
			productReference = B57E68EA27EA95CD00A3EC2B /* JP Apex PredatorsTests.xctest */;
			productType = "com.apple.product-type.bundle.unit-test";
		};
		B57E68F327EA95CD00A3EC2B /* JP Apex PredatorsUITests */ = {
			isa = PBXNativeTarget;
			buildConfigurationList = B57E690427EA95CD00A3EC2B /* Build configuration list for PBXNativeTarget "JP Apex PredatorsUITests" */;
			buildPhases = (
				B57E68F027EA95CD00A3EC2B /* Sources */,
				B57E68F127EA95CD00A3EC2B /* Frameworks */,
				B57E68F227EA95CD00A3EC2B /* Resources */,
			);
			buildRules = (
			);
			dependencies = (
				B57E68F627EA95CD00A3EC2B /* PBXTargetDependency */,
			);
			name = "JP Apex PredatorsUITests";
			productName = "JP Apex PredatorsUITests";
			productReference = B57E68F427EA95CD00A3EC2B /* JP Apex PredatorsUITests.xctest */;
			productType = "com.apple.product-type.bundle.ui-testing";
		};
/* End PBXNativeTarget section */

/* Begin PBXProject section */
		B57E68D227EA95CA00A3EC2B /* Project object */ = {
			isa = PBXProject;
			attributes = {
				BuildIndependentTargetsInParallel = 1;
				LastSwiftUpdateCheck = 1330;
				LastUpgradeCheck = 1330;
				TargetAttributes = {
					B57E68D927EA95CA00A3EC2B = {
						CreatedOnToolsVersion = 13.3;
					};
					B57E68E927EA95CD00A3EC2B = {
						CreatedOnToolsVersion = 13.3;
						TestTargetID = B57E68D927EA95CA00A3EC2B;
					};
					B57E68F327EA95CD00A3EC2B = {
						CreatedOnToolsVersion = 13.3;
						TestTargetID = B57E68D927EA95CA00A3EC2B;
					};
				};
			};
			buildConfigurationList = B57E68D527EA95CA00A3EC2B /* Build configuration list for PBXProject "JP Apex Predators" */;
			compatibilityVersion = "Xcode 13.0";
			developmentRegion = en;
			hasScannedForEncodings = 0;
			knownRegions = (
				en,
				Base,
			);
			mainGroup = B57E68D127EA95CA00A3EC2B;
			productRefGroup = B57E68DB27EA95CA00A3EC2B /* Products */;
			projectDirPath = "";
			projectRoot = "";
			targets = (
				B57E68D927EA95CA00A3EC2B /* JP Apex Predators */,
				B57E68E927EA95CD00A3EC2B /* JP Apex PredatorsTests */,
				B57E68F327EA95CD00A3EC2B /* JP Apex PredatorsUITests */,
			);
		};
/* End PBXProject section */

/* Begin PBXResourcesBuildPhase section */
		B57E68D827EA95CA00A3EC2B /* Resources */ = {
			isa = PBXResourcesBuildPhase;
			buildActionMask = 2147483647;
			files = (
				B57E68E527EA95CD00A3EC2B /* Preview Assets.xcassets in Resources */,
				B57E68E227EA95CD00A3EC2B /* Assets.xcassets in Resources */,
				B57E690827EA96D300A3EC2B /* jpapexpredators.json in Resources */,
			);
			runOnlyForDeploymentPostprocessing = 0;
		};
		B57E68E827EA95CD00A3EC2B /* Resources */ = {
			isa = PBXResourcesBuildPhase;
			buildActionMask = 2147483647;
			files = (
			);
			runOnlyForDeploymentPostprocessing = 0;
		};
		B57E68F227EA95CD00A3EC2B /* Resources */ = {
			isa = PBXResourcesBuildPhase;
			buildActionMask = 2147483647;
			files = (
			);
			runOnlyForDeploymentPostprocessing = 0;
		};
/* End PBXResourcesBuildPhase section */

/* Begin PBXSourcesBuildPhase section */
		B57E68D627EA95CA00A3EC2B /* Sources */ = {
			isa = PBXSourcesBuildPhase;
			buildActionMask = 2147483647;
			files = (
				B5CF1CC527ECA0CA003B7B29 /* PredatorController.swift in Sources */,
				B53D8F5927EB508200A7E653 /* ApexPredator.swift in Sources */,
				B57E68E027EA95CA00A3EC2B /* ContentView.swift in Sources */,
				B5D8D2B427F09487009010CB /* PredatorDetail.swift in Sources */,
				B57E68DE27EA95CA00A3EC2B /* JP_Apex_PredatorsApp.swift in Sources */,
				B5D0B39F27EF4B33005FCF13 /* PredatorRow.swift in Sources */,
			);
			runOnlyForDeploymentPostprocessing = 0;
		};
		B57E68E627EA95CD00A3EC2B /* Sources */ = {
			isa = PBXSourcesBuildPhase;
			buildActionMask = 2147483647;
			files = (
				B57E68EF27EA95CD00A3EC2B /* JP_Apex_PredatorsTests.swift in Sources */,
			);
			runOnlyForDeploymentPostprocessing = 0;
		};
		B57E68F027EA95CD00A3EC2B /* Sources */ = {
			isa = PBXSourcesBuildPhase;
			buildActionMask = 2147483647;
			files = (
				B57E68F927EA95CD00A3EC2B /* JP_Apex_PredatorsUITests.swift in Sources */,
				B57E68FB27EA95CD00A3EC2B /* JP_Apex_PredatorsUITestsLaunchTests.swift in Sources */,
			);
			runOnlyForDeploymentPostprocessing = 0;
		};
/* End PBXSourcesBuildPhase section */

/* Begin PBXTargetDependency section */
		B57E68EC27EA95CD00A3EC2B /* PBXTargetDependency */ = {
			isa = PBXTargetDependency;
			target = B57E68D927EA95CA00A3EC2B /* JP Apex Predators */;
			targetProxy = B57E68EB27EA95CD00A3EC2B /* PBXContainerItemProxy */;
		};
		B57E68F627EA95CD00A3EC2B /* PBXTargetDependency */ = {
			isa = PBXTargetDependency;
			target = B57E68D927EA95CA00A3EC2B /* JP Apex Predators */;
			targetProxy = B57E68F527EA95CD00A3EC2B /* PBXContainerItemProxy */;
		};
/* End PBXTargetDependency section */

/* Begin XCBuildConfiguration section */
		B57E68FC27EA95CD00A3EC2B /* Debug */ = {
			isa = XCBuildConfiguration;
			buildSettings = {
				ALWAYS_SEARCH_USER_PATHS = NO;
				CLANG_ANALYZER_NONNULL = YES;
				CLANG_ANALYZER_NUMBER_OBJECT_CONVERSION = YES_AGGRESSIVE;
				CLANG_CXX_LANGUAGE_STANDARD = "gnu++17";
				CLANG_ENABLE_MODULES = YES;
				CLANG_ENABLE_OBJC_ARC = YES;
				CLANG_ENABLE_OBJC_WEAK = YES;
				CLANG_WARN_BLOCK_CAPTURE_AUTORELEASING = YES;
				CLANG_WARN_BOOL_CONVERSION = YES;
				CLANG_WARN_COMMA = YES;
				CLANG_WARN_CONSTANT_CONVERSION = YES;
				CLANG_WARN_DEPRECATED_OBJC_IMPLEMENTATIONS = YES;
				CLANG_WARN_DIRECT_OBJC_ISA_USAGE = YES_ERROR;
				CLANG_WARN_DOCUMENTATION_COMMENTS = YES;
				CLANG_WARN_EMPTY_BODY = YES;
				CLANG_WARN_ENUM_CONVERSION = YES;
				CLANG_WARN_INFINITE_RECURSION = YES;
				CLANG_WARN_INT_CONVERSION = YES;
				CLANG_WARN_NON_LITERAL_NULL_CONVERSION = YES;
				CLANG_WARN_OBJC_IMPLICIT_RETAIN_SELF = YES;
				CLANG_WARN_OBJC_LITERAL_CONVERSION = YES;
				CLANG_WARN_OBJC_ROOT_CLASS = YES_ERROR;
				CLANG_WARN_QUOTED_INCLUDE_IN_FRAMEWORK_HEADER = YES;
				CLANG_WARN_RANGE_LOOP_ANALYSIS = YES;
				CLANG_WARN_STRICT_PROTOTYPES = YES;
				CLANG_WARN_SUSPICIOUS_MOVE = YES;
				CLANG_WARN_UNGUARDED_AVAILABILITY = YES_AGGRESSIVE;
				CLANG_WARN_UNREACHABLE_CODE = YES;
				CLANG_WARN__DUPLICATE_METHOD_MATCH = YES;
				COPY_PHASE_STRIP = NO;
				DEBUG_INFORMATION_FORMAT = dwarf;
				ENABLE_STRICT_OBJC_MSGSEND = YES;
				ENABLE_TESTABILITY = YES;
				GCC_C_LANGUAGE_STANDARD = gnu11;
				GCC_DYNAMIC_NO_PIC = NO;
				GCC_NO_COMMON_BLOCKS = YES;
				GCC_OPTIMIZATION_LEVEL = 0;
				GCC_PREPROCESSOR_DEFINITIONS = (
					"DEBUG=1",
					"$(inherited)",
				);
				GCC_WARN_64_TO_32_BIT_CONVERSION = YES;
				GCC_WARN_ABOUT_RETURN_TYPE = YES_ERROR;
				GCC_WARN_UNDECLARED_SELECTOR = YES;
				GCC_WARN_UNINITIALIZED_AUTOS = YES_AGGRESSIVE;
				GCC_WARN_UNUSED_FUNCTION = YES;
				GCC_WARN_UNUSED_VARIABLE = YES;
				IPHONEOS_DEPLOYMENT_TARGET = 15.4;
				MTL_ENABLE_DEBUG_INFO = INCLUDE_SOURCE;
				MTL_FAST_MATH = YES;
				ONLY_ACTIVE_ARCH = YES;
				SDKROOT = iphoneos;
				SWIFT_ACTIVE_COMPILATION_CONDITIONS = DEBUG;
				SWIFT_OPTIMIZATION_LEVEL = "-Onone";
			};
			name = Debug;
		};
		B57E68FD27EA95CD00A3EC2B /* Release */ = {
			isa = XCBuildConfiguration;
			buildSettings = {
				ALWAYS_SEARCH_USER_PATHS = NO;
				CLANG_ANALYZER_NONNULL = YES;
				CLANG_ANALYZER_NUMBER_OBJECT_CONVERSION = YES_AGGRESSIVE;
				CLANG_CXX_LANGUAGE_STANDARD = "gnu++17";
				CLANG_ENABLE_MODULES = YES;
				CLANG_ENABLE_OBJC_ARC = YES;
				CLANG_ENABLE_OBJC_WEAK = YES;
				CLANG_WARN_BLOCK_CAPTURE_AUTORELEASING = YES;
				CLANG_WARN_BOOL_CONVERSION = YES;
				CLANG_WARN_COMMA = YES;
				CLANG_WARN_CONSTANT_CONVERSION = YES;
				CLANG_WARN_DEPRECATED_OBJC_IMPLEMENTATIONS = YES;
				CLANG_WARN_DIRECT_OBJC_ISA_USAGE = YES_ERROR;
				CLANG_WARN_DOCUMENTATION_COMMENTS = YES;
				CLANG_WARN_EMPTY_BODY = YES;
				CLANG_WARN_ENUM_CONVERSION = YES;
				CLANG_WARN_INFINITE_RECURSION = YES;
				CLANG_WARN_INT_CONVERSION = YES;
				CLANG_WARN_NON_LITERAL_NULL_CONVERSION = YES;
				CLANG_WARN_OBJC_IMPLICIT_RETAIN_SELF = YES;
				CLANG_WARN_OBJC_LITERAL_CONVERSION = YES;
				CLANG_WARN_OBJC_ROOT_CLASS = YES_ERROR;
				CLANG_WARN_QUOTED_INCLUDE_IN_FRAMEWORK_HEADER = YES;
				CLANG_WARN_RANGE_LOOP_ANALYSIS = YES;
				CLANG_WARN_STRICT_PROTOTYPES = YES;
				CLANG_WARN_SUSPICIOUS_MOVE = YES;
				CLANG_WARN_UNGUARDED_AVAILABILITY = YES_AGGRESSIVE;
				CLANG_WARN_UNREACHABLE_CODE = YES;
				CLANG_WARN__DUPLICATE_METHOD_MATCH = YES;
				COPY_PHASE_STRIP = NO;
				DEBUG_INFORMATION_FORMAT = "dwarf-with-dsym";
				ENABLE_NS_ASSERTIONS = NO;
				ENABLE_STRICT_OBJC_MSGSEND = YES;
				GCC_C_LANGUAGE_STANDARD = gnu11;
				GCC_NO_COMMON_BLOCKS = YES;
				GCC_WARN_64_TO_32_BIT_CONVERSION = YES;
				GCC_WARN_ABOUT_RETURN_TYPE = YES_ERROR;
				GCC_WARN_UNDECLARED_SELECTOR = YES;
				GCC_WARN_UNINITIALIZED_AUTOS = YES_AGGRESSIVE;
				GCC_WARN_UNUSED_FUNCTION = YES;
				GCC_WARN_UNUSED_VARIABLE = YES;
				IPHONEOS_DEPLOYMENT_TARGET = 15.4;
				MTL_ENABLE_DEBUG_INFO = NO;
				MTL_FAST_MATH = YES;
				SDKROOT = iphoneos;
				SWIFT_COMPILATION_MODE = wholemodule;
				SWIFT_OPTIMIZATION_LEVEL = "-O";
				VALIDATE_PRODUCT = YES;
			};
			name = Release;
		};
		B57E68FF27EA95CD00A3EC2B /* Debug */ = {
			isa = XCBuildConfiguration;
			buildSettings = {
				ASSETCATALOG_COMPILER_APPICON_NAME = AppIcon;
				ASSETCATALOG_COMPILER_GLOBAL_ACCENT_COLOR_NAME = AccentColor;
				CODE_SIGN_ENTITLEMENTS = "JP Apex Predators/JP Apex Predators.entitlements";
				CODE_SIGN_IDENTITY = "Apple Development";
				CODE_SIGN_STYLE = Automatic;
				CURRENT_PROJECT_VERSION = 1;
				DEVELOPMENT_ASSET_PATHS = "\"JP Apex Predators/Preview Content\"";
				DEVELOPMENT_TEAM = 9YH58GY8TF;
				ENABLE_PREVIEWS = YES;
				GENERATE_INFOPLIST_FILE = YES;
				INFOPLIST_FILE = "JP-Apex-Predators-Info.plist";
				INFOPLIST_KEY_CFBundleDisplayName = "JP Predators";
				INFOPLIST_KEY_UIApplicationSceneManifest_Generation = YES;
				INFOPLIST_KEY_UIApplicationSupportsIndirectInputEvents = YES;
				INFOPLIST_KEY_UILaunchScreen_Generation = YES;
				INFOPLIST_KEY_UISupportedInterfaceOrientations_iPad = "UIInterfaceOrientationPortrait UIInterfaceOrientationPortraitUpsideDown UIInterfaceOrientationLandscapeLeft UIInterfaceOrientationLandscapeRight";
				INFOPLIST_KEY_UISupportedInterfaceOrientations_iPhone = "UIInterfaceOrientationPortrait UIInterfaceOrientationLandscapeLeft UIInterfaceOrientationLandscapeRight";
				IPHONEOS_DEPLOYMENT_TARGET = 15.3;
				LD_RUNPATH_SEARCH_PATHS = (
					"$(inherited)",
					"@executable_path/Frameworks",
				);
				MARKETING_VERSION = 1.0;
				PRODUCT_BUNDLE_IDENTIFIER = "com.JP-Apex-Predators";
				PRODUCT_NAME = "$(TARGET_NAME)";
				PROVISIONING_PROFILE_SPECIFIER = "";
				SUPPORTS_MACCATALYST = NO;
				SUPPORTS_MAC_DESIGNED_FOR_IPHONE_IPAD = YES;
				SWIFT_EMIT_LOC_STRINGS = YES;
				SWIFT_VERSION = 5.0;
				TARGETED_DEVICE_FAMILY = "1,2";
			};
			name = Debug;
		};
		B57E690027EA95CD00A3EC2B /* Release */ = {
			isa = XCBuildConfiguration;
			buildSettings = {
				ASSETCATALOG_COMPILER_APPICON_NAME = AppIcon;
				ASSETCATALOG_COMPILER_GLOBAL_ACCENT_COLOR_NAME = AccentColor;
				CODE_SIGN_ENTITLEMENTS = "JP Apex Predators/JP Apex Predators.entitlements";
				CODE_SIGN_IDENTITY = "Apple Development";
				CODE_SIGN_STYLE = Automatic;
				CURRENT_PROJECT_VERSION = 1;
				DEVELOPMENT_ASSET_PATHS = "\"JP Apex Predators/Preview Content\"";
				DEVELOPMENT_TEAM = 9YH58GY8TF;
				ENABLE_PREVIEWS = YES;
				GENERATE_INFOPLIST_FILE = YES;
				INFOPLIST_FILE = "JP-Apex-Predators-Info.plist";
				INFOPLIST_KEY_CFBundleDisplayName = "JP Predators";
				INFOPLIST_KEY_UIApplicationSceneManifest_Generation = YES;
				INFOPLIST_KEY_UIApplicationSupportsIndirectInputEvents = YES;
				INFOPLIST_KEY_UILaunchScreen_Generation = YES;
				INFOPLIST_KEY_UISupportedInterfaceOrientations_iPad = "UIInterfaceOrientationPortrait UIInterfaceOrientationPortraitUpsideDown UIInterfaceOrientationLandscapeLeft UIInterfaceOrientationLandscapeRight";
				INFOPLIST_KEY_UISupportedInterfaceOrientations_iPhone = "UIInterfaceOrientationPortrait UIInterfaceOrientationLandscapeLeft UIInterfaceOrientationLandscapeRight";
				IPHONEOS_DEPLOYMENT_TARGET = 15.3;
				LD_RUNPATH_SEARCH_PATHS = (
					"$(inherited)",
					"@executable_path/Frameworks",
				);
				MARKETING_VERSION = 1.0;
				PRODUCT_BUNDLE_IDENTIFIER = "com.JP-Apex-Predators";
				PRODUCT_NAME = "$(TARGET_NAME)";
				PROVISIONING_PROFILE_SPECIFIER = "";
				SUPPORTS_MACCATALYST = NO;
				SUPPORTS_MAC_DESIGNED_FOR_IPHONE_IPAD = YES;
				SWIFT_EMIT_LOC_STRINGS = YES;
				SWIFT_VERSION = 5.0;
				TARGETED_DEVICE_FAMILY = "1,2";
			};
			name = Release;
		};
		B57E690227EA95CD00A3EC2B /* Debug */ = {
			isa = XCBuildConfiguration;
			buildSettings = {
				ALWAYS_EMBED_SWIFT_STANDARD_LIBRARIES = YES;
				BUNDLE_LOADER = "$(TEST_HOST)";
				CODE_SIGN_STYLE = Automatic;
				CURRENT_PROJECT_VERSION = 1;
				DEVELOPMENT_TEAM = 9YH58GY8TF;
				GENERATE_INFOPLIST_FILE = YES;
				IPHONEOS_DEPLOYMENT_TARGET = 15.4;
				MARKETING_VERSION = 1.0;
				PRODUCT_BUNDLE_IDENTIFIER = "com.JP-Apex-PredatorsTests";
				PRODUCT_NAME = "$(TARGET_NAME)";
				SWIFT_EMIT_LOC_STRINGS = NO;
				SWIFT_VERSION = 5.0;
				TARGETED_DEVICE_FAMILY = "1,2";
				TEST_HOST = "$(BUILT_PRODUCTS_DIR)/JP Apex Predators.app/JP Apex Predators";
			};
			name = Debug;
		};
		B57E690327EA95CD00A3EC2B /* Release */ = {
			isa = XCBuildConfiguration;
			buildSettings = {
				ALWAYS_EMBED_SWIFT_STANDARD_LIBRARIES = YES;
				BUNDLE_LOADER = "$(TEST_HOST)";
				CODE_SIGN_STYLE = Automatic;
				CURRENT_PROJECT_VERSION = 1;
				DEVELOPMENT_TEAM = 9YH58GY8TF;
				GENERATE_INFOPLIST_FILE = YES;
				IPHONEOS_DEPLOYMENT_TARGET = 15.4;
				MARKETING_VERSION = 1.0;
				PRODUCT_BUNDLE_IDENTIFIER = "com.JP-Apex-PredatorsTests";
				PRODUCT_NAME = "$(TARGET_NAME)";
				SWIFT_EMIT_LOC_STRINGS = NO;
				SWIFT_VERSION = 5.0;
				TARGETED_DEVICE_FAMILY = "1,2";
				TEST_HOST = "$(BUILT_PRODUCTS_DIR)/JP Apex Predators.app/JP Apex Predators";
			};
			name = Release;
		};
		B57E690527EA95CD00A3EC2B /* Debug */ = {
			isa = XCBuildConfiguration;
			buildSettings = {
				ALWAYS_EMBED_SWIFT_STANDARD_LIBRARIES = YES;
				CODE_SIGN_STYLE = Automatic;
				CURRENT_PROJECT_VERSION = 1;
				DEVELOPMENT_TEAM = 9YH58GY8TF;
				GENERATE_INFOPLIST_FILE = YES;
				MARKETING_VERSION = 1.0;
				PRODUCT_BUNDLE_IDENTIFIER = "com.JP-Apex-PredatorsUITests";
				PRODUCT_NAME = "$(TARGET_NAME)";
				SWIFT_EMIT_LOC_STRINGS = NO;
				SWIFT_VERSION = 5.0;
				TARGETED_DEVICE_FAMILY = "1,2";
				TEST_TARGET_NAME = "JP Apex Predators";
			};
			name = Debug;
		};
		B57E690627EA95CD00A3EC2B /* Release */ = {
			isa = XCBuildConfiguration;
			buildSettings = {
				ALWAYS_EMBED_SWIFT_STANDARD_LIBRARIES = YES;
				CODE_SIGN_STYLE = Automatic;
				CURRENT_PROJECT_VERSION = 1;
				DEVELOPMENT_TEAM = 9YH58GY8TF;
				GENERATE_INFOPLIST_FILE = YES;
				MARKETING_VERSION = 1.0;
				PRODUCT_BUNDLE_IDENTIFIER = "com.JP-Apex-PredatorsUITests";
				PRODUCT_NAME = "$(TARGET_NAME)";
				SWIFT_EMIT_LOC_STRINGS = NO;
				SWIFT_VERSION = 5.0;
				TARGETED_DEVICE_FAMILY = "1,2";
				TEST_TARGET_NAME = "JP Apex Predators";
			};
			name = Release;
		};
/* End XCBuildConfiguration section */

/* Begin XCConfigurationList section */
		B57E68D527EA95CA00A3EC2B /* Build configuration list for PBXProject "JP Apex Predators" */ = {
			isa = XCConfigurationList;
			buildConfigurations = (
				B57E68FC27EA95CD00A3EC2B /* Debug */,
				B57E68FD27EA95CD00A3EC2B /* Release */,
			);
			defaultConfigurationIsVisible = 0;
			defaultConfigurationName = Release;
		};
		B57E68FE27EA95CD00A3EC2B /* Build configuration list for PBXNativeTarget "JP Apex Predators" */ = {
			isa = XCConfigurationList;
			buildConfigurations = (
				B57E68FF27EA95CD00A3EC2B /* Debug */,
				B57E690027EA95CD00A3EC2B /* Release */,
			);
			defaultConfigurationIsVisible = 0;
			defaultConfigurationName = Release;
		};
		B57E690127EA95CD00A3EC2B /* Build configuration list for PBXNativeTarget "JP Apex PredatorsTests" */ = {
			isa = XCConfigurationList;
			buildConfigurations = (
				B57E690227EA95CD00A3EC2B /* Debug */,
				B57E690327EA95CD00A3EC2B /* Release */,
			);
			defaultConfigurationIsVisible = 0;
			defaultConfigurationName = Release;
		};
		B57E690427EA95CD00A3EC2B /* Build configuration list for PBXNativeTarget "JP Apex PredatorsUITests" */ = {
			isa = XCConfigurationList;
			buildConfigurations = (
				B57E690527EA95CD00A3EC2B /* Debug */,
				B57E690627EA95CD00A3EC2B /* Release */,
			);
			defaultConfigurationIsVisible = 0;
			defaultConfigurationName = Release;
		};
/* End XCConfigurationList section */
	};
	rootObject = B57E68D227EA95CA00A3EC2B /* Project object */;
}
